
Microsoft Visual Studio Solution File, Format Version 12.00
# Visual Studio Version 17
VisualStudioVersion = 17.3.32929.385
MinimumVisualStudioVersion = 10.0.40219.1
Project("{FAE04EC0-301F-11D3-BF4B-00C04F79EFBC}") = "Jonson Consult Practical Assignment", "Jonson Consult Practical Assignment\Jonson Consult Practical Assignment.csproj", "{5946E7B6-7292-49F0-8496-384BFC5B84FD}"
EndProject
Project("{FAE04EC0-301F-11D3-BF4B-00C04F79EFBC}") = "CConverteren", "CConverteren\CConverteren.csproj", "{77ABEC97-CB43-4ABE-B410-493CDDD357C1}"
EndProject
Global
	GlobalSection(SolutionConfigurationPlatforms) = preSolution
		Debug|Any CPU = Debug|Any CPU
		Release|Any CPU = Release|Any CPU
	EndGlobalSection
	GlobalSection(ProjectConfigurationPlatforms) = postSolution
		{5946E7B6-7292-49F0-8496-384BFC5B84FD}.Debug|Any CPU.ActiveCfg = Debug|Any CPU
		{5946E7B6-7292-49F0-8496-384BFC5B84FD}.Debug|Any CPU.Build.0 = Debug|Any CPU
		{5946E7B6-7292-49F0-8496-384BFC5B84FD}.Release|Any CPU.ActiveCfg = Release|Any CPU
		{5946E7B6-7292-49F0-8496-384BFC5B84FD}.Release|Any CPU.Build.0 = Release|Any CPU
		{77ABEC97-CB43-4ABE-B410-493CDDD357C1}.Debug|Any CPU.ActiveCfg = Debug|Any CPU
		{77ABEC97-CB43-4ABE-B410-493CDDD357C1}.Debug|Any CPU.Build.0 = Debug|Any CPU
		{77ABEC97-CB43-4ABE-B410-493CDDD357C1}.Release|Any CPU.ActiveCfg = Release|Any CPU
		{77ABEC97-CB43-4ABE-B410-493CDDD357C1}.Release|Any CPU.Build.0 = Release|Any CPU
	EndGlobalSection
	GlobalSection(SolutionProperties) = preSolution
		HideSolutionNode = FALSE
	EndGlobalSection
	GlobalSection(ExtensibilityGlobals) = postSolution
		SolutionGuid = {EFD0DF9A-FCC7-4F0D-971B-26A77824A5A5}
	EndGlobalSection
EndGlobal
